github.com/Peri-Loves-Violence/gunship v0.1.1 h1:C6aQ2tf8O/beEFhxgDH76nn/UgFtsoNgZ9xPf5yPVMk=
github.com/Peri-Loves-Violence/gunship v0.1.1/go.mod h1:orhrJ1rIwNK/bjB4/mqrkcExV/NQP3BOvCLFmap0RO0=
github.com/Peri-Loves-Violence/scamdb-api v0.1.2 h1:VwLF0mQcMguYssBtt1/xjfJxct+xrfOmKXl5J6qQ+Cc=
github.com/Peri-Loves-Violence/scamdb-api v0.1.2/go.mod h1:OEptefI/YOvpwGSVISmwhgt2hEYQcMwqNx6G1L0jF6A=
github.com/Stridsvagn69420/pringo v0.9.1 h1:R12yIwBQ+0G5tSgUoNittptYW2hQKodbjvZyK2kUgRs=
github.com/Stridsvagn69420/pringo v0.9.1/go.mod h1:zBTFaDFeRX7WZP5SnI43+Yo5U396YELfoHnqKhxNkFA=
