github.com/Peri-Loves-Violence/gunship v0.0.0-20220205193338-0704a068b80c h1:vCoat5yoEcK6Tk0TUJ10Lhhn03T14xSnYwK1nnRlnxc=
github.com/Peri-Loves-Violence/gunship v0.0.0-20220205193338-0704a068b80c/go.mod h1:orhrJ1rIwNK/bjB4/mqrkcExV/NQP3BOvCLFmap0RO0=
github.com/Peri-Loves-Violence/scamdb-api v0.0.0-20220205192815-af6add8bb177 h1:kRVaC++pSjjPADXgfUBYkALCOSMXyI4olaLrCVJDjdg=
github.com/Peri-Loves-Violence/scamdb-api v0.0.0-20220205192815-af6add8bb177/go.mod h1:OEptefI/YOvpwGSVISmwhgt2hEYQcMwqNx6G1L0jF6A=
